
Microsoft Visual Studio Solution File, Format Version 12.00
# Visual Studio 15
VisualStudioVersion = 15.0.27703.2018
MinimumVisualStudioVersion = 10.0.40219.1
Project("{FAE04EC0-301F-11D3-BF4B-00C04F79EFBC}") = "BookStore", "BookStore\BookStore.csproj", "{350CCD94-401F-41E6-AF90-F0989B0B4EA9}"
EndProject
Global
	GlobalSection(SolutionConfigurationPlatforms) = preSolution
		Debug|Any CPU = Debug|Any CPU
		Release|Any CPU = Release|Any CPU
	EndGlobalSection
	GlobalSection(ProjectConfigurationPlatforms) = postSolution
		{350CCD94-401F-41E6-AF90-F0989B0B4EA9}.Debug|Any CPU.ActiveCfg = Debug|Any CPU
		{350CCD94-401F-41E6-AF90-F0989B0B4EA9}.Debug|Any CPU.Build.0 = Debug|Any CPU
		{350CCD94-401F-41E6-AF90-F0989B0B4EA9}.Release|Any CPU.ActiveCfg = Release|Any CPU
		{350CCD94-401F-41E6-AF90-F0989B0B4EA9}.Release|Any CPU.Build.0 = Release|Any CPU
	EndGlobalSection
	GlobalSection(SolutionProperties) = preSolution
		HideSolutionNode = FALSE
	EndGlobalSection
	GlobalSection(ExtensibilityGlobals) = postSolution
		SolutionGuid = {5CC69A57-25AB-4579-B6C4-E97902726D25}
	EndGlobalSection
EndGlobal
