
Microsoft Visual Studio Solution File, Format Version 12.00
# Visual Studio 15
VisualStudioVersion = 15.0.27703.2018
MinimumVisualStudioVersion = 10.0.40219.1
Project("{FAE04EC0-301F-11D3-BF4B-00C04F79EFBC}") = "WebApplication1", "WebApplication1\WebApplication1.csproj", "{661FE2A5-EABB-49D1-9FA2-BDBA9D64ED49}"
EndProject
Global
	GlobalSection(SolutionConfigurationPlatforms) = preSolution
		Debug|Any CPU = Debug|Any CPU
		Release|Any CPU = Release|Any CPU
	EndGlobalSection
	GlobalSection(ProjectConfigurationPlatforms) = postSolution
		{661FE2A5-EABB-49D1-9FA2-BDBA9D64ED49}.Debug|Any CPU.ActiveCfg = Debug|Any CPU
		{661FE2A5-EABB-49D1-9FA2-BDBA9D64ED49}.Debug|Any CPU.Build.0 = Debug|Any CPU
		{661FE2A5-EABB-49D1-9FA2-BDBA9D64ED49}.Release|Any CPU.ActiveCfg = Release|Any CPU
		{661FE2A5-EABB-49D1-9FA2-BDBA9D64ED49}.Release|Any CPU.Build.0 = Release|Any CPU
	EndGlobalSection
	GlobalSection(SolutionProperties) = preSolution
		HideSolutionNode = FALSE
	EndGlobalSection
	GlobalSection(ExtensibilityGlobals) = postSolution
		SolutionGuid = {08A48A10-3D5E-4967-842B-1A563C73F52E}
	EndGlobalSection
EndGlobal
