
Microsoft Visual Studio Solution File, Format Version 12.00
# Visual Studio 15
VisualStudioVersion = 15.0.27703.2000
MinimumVisualStudioVersion = 10.0.40219.1
Project("{FAE04EC0-301F-11D3-BF4B-00C04F79EFBC}") = "OOP", "OOP\OOP.csproj", "{DA95D0B3-8F36-4CE9-B98A-6BACC1D11522}"
EndProject
Global
	GlobalSection(SolutionConfigurationPlatforms) = preSolution
		Debug|Any CPU = Debug|Any CPU
		Release|Any CPU = Release|Any CPU
	EndGlobalSection
	GlobalSection(ProjectConfigurationPlatforms) = postSolution
		{DA95D0B3-8F36-4CE9-B98A-6BACC1D11522}.Debug|Any CPU.ActiveCfg = Debug|Any CPU
		{DA95D0B3-8F36-4CE9-B98A-6BACC1D11522}.Debug|Any CPU.Build.0 = Debug|Any CPU
		{DA95D0B3-8F36-4CE9-B98A-6BACC1D11522}.Release|Any CPU.ActiveCfg = Release|Any CPU
		{DA95D0B3-8F36-4CE9-B98A-6BACC1D11522}.Release|Any CPU.Build.0 = Release|Any CPU
	EndGlobalSection
	GlobalSection(SolutionProperties) = preSolution
		HideSolutionNode = FALSE
	EndGlobalSection
	GlobalSection(ExtensibilityGlobals) = postSolution
		SolutionGuid = {8FBE828F-FBD5-4094-9EB8-B837B3D895F8}
	EndGlobalSection
EndGlobal
