
Microsoft Visual Studio Solution File, Format Version 12.00
# Visual Studio 15
VisualStudioVersion = 15.0.27703.2018
MinimumVisualStudioVersion = 10.0.40219.1
Project("{FAE04EC0-301F-11D3-BF4B-00C04F79EFBC}") = "Delegater", "Delegate\Delegater.csproj", "{EC284168-8186-4338-9033-BDAAFA80D062}"
EndProject
Global
	GlobalSection(SolutionConfigurationPlatforms) = preSolution
		Debug|Any CPU = Debug|Any CPU
		Release|Any CPU = Release|Any CPU
	EndGlobalSection
	GlobalSection(ProjectConfigurationPlatforms) = postSolution
		{EC284168-8186-4338-9033-BDAAFA80D062}.Debug|Any CPU.ActiveCfg = Debug|Any CPU
		{EC284168-8186-4338-9033-BDAAFA80D062}.Debug|Any CPU.Build.0 = Debug|Any CPU
		{EC284168-8186-4338-9033-BDAAFA80D062}.Release|Any CPU.ActiveCfg = Release|Any CPU
		{EC284168-8186-4338-9033-BDAAFA80D062}.Release|Any CPU.Build.0 = Release|Any CPU
	EndGlobalSection
	GlobalSection(SolutionProperties) = preSolution
		HideSolutionNode = FALSE
	EndGlobalSection
	GlobalSection(ExtensibilityGlobals) = postSolution
		SolutionGuid = {25848BDA-8005-4973-8CF3-22B273B12CF7}
	EndGlobalSection
EndGlobal
