
Microsoft Visual Studio Solution File, Format Version 12.00
# Visual Studio 15
VisualStudioVersion = 15.0.27703.2000
MinimumVisualStudioVersion = 10.0.40219.1
Project("{FAE04EC0-301F-11D3-BF4B-00C04F79EFBC}") = "ASM_1", "ASM_1\ASM_1.csproj", "{246D50A8-C3DE-45A9-9164-620CDB8B24F5}"
EndProject
Global
	GlobalSection(SolutionConfigurationPlatforms) = preSolution
		Debug|Any CPU = Debug|Any CPU
		Release|Any CPU = Release|Any CPU
	EndGlobalSection
	GlobalSection(ProjectConfigurationPlatforms) = postSolution
		{246D50A8-C3DE-45A9-9164-620CDB8B24F5}.Debug|Any CPU.ActiveCfg = Debug|Any CPU
		{246D50A8-C3DE-45A9-9164-620CDB8B24F5}.Debug|Any CPU.Build.0 = Debug|Any CPU
		{246D50A8-C3DE-45A9-9164-620CDB8B24F5}.Release|Any CPU.ActiveCfg = Release|Any CPU
		{246D50A8-C3DE-45A9-9164-620CDB8B24F5}.Release|Any CPU.Build.0 = Release|Any CPU
	EndGlobalSection
	GlobalSection(SolutionProperties) = preSolution
		HideSolutionNode = FALSE
	EndGlobalSection
	GlobalSection(ExtensibilityGlobals) = postSolution
		SolutionGuid = {7BA3788A-53BF-45FC-8EDA-DE5182D7007F}
	EndGlobalSection
EndGlobal
