
Microsoft Visual Studio Solution File, Format Version 12.00
# Visual Studio 15
VisualStudioVersion = 15.0.27703.2018
MinimumVisualStudioVersion = 10.0.40219.1
Project("{FAE04EC0-301F-11D3-BF4B-00C04F79EFBC}") = "ASM_11", "ASM_11\ASM_11.csproj", "{C9F9B89E-417D-4B2B-B1A0-76E32841AB20}"
EndProject
Global
	GlobalSection(SolutionConfigurationPlatforms) = preSolution
		Debug|Any CPU = Debug|Any CPU
		Release|Any CPU = Release|Any CPU
	EndGlobalSection
	GlobalSection(ProjectConfigurationPlatforms) = postSolution
		{C9F9B89E-417D-4B2B-B1A0-76E32841AB20}.Debug|Any CPU.ActiveCfg = Debug|Any CPU
		{C9F9B89E-417D-4B2B-B1A0-76E32841AB20}.Debug|Any CPU.Build.0 = Debug|Any CPU
		{C9F9B89E-417D-4B2B-B1A0-76E32841AB20}.Release|Any CPU.ActiveCfg = Release|Any CPU
		{C9F9B89E-417D-4B2B-B1A0-76E32841AB20}.Release|Any CPU.Build.0 = Release|Any CPU
	EndGlobalSection
	GlobalSection(SolutionProperties) = preSolution
		HideSolutionNode = FALSE
	EndGlobalSection
	GlobalSection(ExtensibilityGlobals) = postSolution
		SolutionGuid = {A726D2B9-0A3A-4DA2-9387-AC4AC646E60D}
	EndGlobalSection
EndGlobal
